
Microsoft Visual Studio Solution File, Format Version 12.00
# Visual Studio Version 16
VisualStudioVersion = 16.0.31515.178
MinimumVisualStudioVersion = 10.0.40219.1
Project("{FAE04EC0-301F-11D3-BF4B-00C04F79EFBC}") = "UI", "UI\UI.csproj", "{123906C2-91B0-445B-92A1-4D9AFA2153B6}"
EndProject
Project("{FAE04EC0-301F-11D3-BF4B-00C04F79EFBC}") = "BE", "BE\BE.csproj", "{4ACC28DB-B4C9-44AB-9FF5-74D70C41530E}"
EndProject
Project("{FAE04EC0-301F-11D3-BF4B-00C04F79EFBC}") = "BLL", "BLL\BLL.csproj", "{673CC286-62EB-4EC0-B5ED-B92772A47D61}"
EndProject
Project("{FAE04EC0-301F-11D3-BF4B-00C04F79EFBC}") = "DAL", "DAL\DAL.csproj", "{18C7B2D2-818D-4193-8ACB-0CCD1D2729B4}"
EndProject
Project("{FAE04EC0-301F-11D3-BF4B-00C04F79EFBC}") = "MPP", "MPP\MPP.csproj", "{4BCF8E1E-1872-4370-9ACD-5803B041A307}"
EndProject
Project("{FAE04EC0-301F-11D3-BF4B-00C04F79EFBC}") = "Seguridad", "Seguridad\Seguridad.csproj", "{28F14EBA-2373-42C0-99D2-11D66584E177}"
EndProject
Project("{FAE04EC0-301F-11D3-BF4B-00C04F79EFBC}") = "GestorDeArchivo", "GestorDeArchivo\GestorDeArchivo.csproj", "{460E7B06-031E-4B38-A8A2-1E6419C5AB39}"
EndProject
Global
	GlobalSection(SolutionConfigurationPlatforms) = preSolution
		Debug|Any CPU = Debug|Any CPU
		Release|Any CPU = Release|Any CPU
	EndGlobalSection
	GlobalSection(ProjectConfigurationPlatforms) = postSolution
		{123906C2-91B0-445B-92A1-4D9AFA2153B6}.Debug|Any CPU.ActiveCfg = Debug|Any CPU
		{123906C2-91B0-445B-92A1-4D9AFA2153B6}.Debug|Any CPU.Build.0 = Debug|Any CPU
		{123906C2-91B0-445B-92A1-4D9AFA2153B6}.Release|Any CPU.ActiveCfg = Release|Any CPU
		{123906C2-91B0-445B-92A1-4D9AFA2153B6}.Release|Any CPU.Build.0 = Release|Any CPU
		{4ACC28DB-B4C9-44AB-9FF5-74D70C41530E}.Debug|Any CPU.ActiveCfg = Debug|Any CPU
		{4ACC28DB-B4C9-44AB-9FF5-74D70C41530E}.Debug|Any CPU.Build.0 = Debug|Any CPU
		{4ACC28DB-B4C9-44AB-9FF5-74D70C41530E}.Release|Any CPU.ActiveCfg = Release|Any CPU
		{4ACC28DB-B4C9-44AB-9FF5-74D70C41530E}.Release|Any CPU.Build.0 = Release|Any CPU
		{673CC286-62EB-4EC0-B5ED-B92772A47D61}.Debug|Any CPU.ActiveCfg = Debug|Any CPU
		{673CC286-62EB-4EC0-B5ED-B92772A47D61}.Debug|Any CPU.Build.0 = Debug|Any CPU
		{673CC286-62EB-4EC0-B5ED-B92772A47D61}.Release|Any CPU.ActiveCfg = Release|Any CPU
		{673CC286-62EB-4EC0-B5ED-B92772A47D61}.Release|Any CPU.Build.0 = Release|Any CPU
		{18C7B2D2-818D-4193-8ACB-0CCD1D2729B4}.Debug|Any CPU.ActiveCfg = Debug|Any CPU
		{18C7B2D2-818D-4193-8ACB-0CCD1D2729B4}.Debug|Any CPU.Build.0 = Debug|Any CPU
		{18C7B2D2-818D-4193-8ACB-0CCD1D2729B4}.Release|Any CPU.ActiveCfg = Release|Any CPU
		{18C7B2D2-818D-4193-8ACB-0CCD1D2729B4}.Release|Any CPU.Build.0 = Release|Any CPU
		{4BCF8E1E-1872-4370-9ACD-5803B041A307}.Debug|Any CPU.ActiveCfg = Debug|Any CPU
		{4BCF8E1E-1872-4370-9ACD-5803B041A307}.Debug|Any CPU.Build.0 = Debug|Any CPU
		{4BCF8E1E-1872-4370-9ACD-5803B041A307}.Release|Any CPU.ActiveCfg = Release|Any CPU
		{4BCF8E1E-1872-4370-9ACD-5803B041A307}.Release|Any CPU.Build.0 = Release|Any CPU
		{28F14EBA-2373-42C0-99D2-11D66584E177}.Debug|Any CPU.ActiveCfg = Debug|Any CPU
		{28F14EBA-2373-42C0-99D2-11D66584E177}.Debug|Any CPU.Build.0 = Debug|Any CPU
		{28F14EBA-2373-42C0-99D2-11D66584E177}.Release|Any CPU.ActiveCfg = Release|Any CPU
		{28F14EBA-2373-42C0-99D2-11D66584E177}.Release|Any CPU.Build.0 = Release|Any CPU
		{460E7B06-031E-4B38-A8A2-1E6419C5AB39}.Debug|Any CPU.ActiveCfg = Debug|Any CPU
		{460E7B06-031E-4B38-A8A2-1E6419C5AB39}.Debug|Any CPU.Build.0 = Debug|Any CPU
		{460E7B06-031E-4B38-A8A2-1E6419C5AB39}.Release|Any CPU.ActiveCfg = Release|Any CPU
		{460E7B06-031E-4B38-A8A2-1E6419C5AB39}.Release|Any CPU.Build.0 = Release|Any CPU
	EndGlobalSection
	GlobalSection(SolutionProperties) = preSolution
		HideSolutionNode = FALSE
	EndGlobalSection
	GlobalSection(ExtensibilityGlobals) = postSolution
		SolutionGuid = {09AD003D-A569-4DED-A612-6B7B7F137A1B}
	EndGlobalSection
EndGlobal
